{
  "version": 4,
  "terraform_version": "0.12.18",
  "serial": 24,
  "lineage": "2f27edc8-aa7f-2237-d498-b6f7a9a40925",
  "outputs": {},
  "resources": [
    {
      "mode": "managed",
      "type": "aws_instance",
      "name": "my_webserver",
      "provider": "provider.aws",
      "instances": [
        {
          "schema_version": 1,
          "attributes": {
            "ami": "ami-0cc0a36f626a4fdf5",
            "arn": "arn:aws:ec2:eu-central-1:198046353209:instance/i-031b630d7e6eca1be",
            "associate_public_ip_address": true,
            "availability_zone": "eu-central-1b",
            "cpu_core_count": 1,
            "cpu_threads_per_core": 1,
            "credit_specification": [
              {
                "cpu_credits": "standard"
              }
            ],
            "disable_api_termination": false,
            "ebs_block_device": [],
            "ebs_optimized": false,
            "ephemeral_block_device": [],
            "get_password_data": false,
            "host_id": null,
            "iam_instance_profile": "",
            "id": "i-031b630d7e6eca1be",
            "instance_initiated_shutdown_behavior": null,
            "instance_state": "running",
            "instance_type": "t2.micro",
            "ipv6_address_count": 0,
            "ipv6_addresses": [],
            "key_name": "id_rsa_pub",
            "monitoring": false,
            "network_interface": [],
            "network_interface_id": null,
            "password_data": "",
            "placement_group": "",
            "primary_network_interface_id": "eni-0ad0f3e1de7a75baf",
            "private_dns": "ip-172-31-36-194.eu-central-1.compute.internal",
            "private_ip": "172.31.36.194",
            "public_dns": "ec2-18-196-102-107.eu-central-1.compute.amazonaws.com",
            "public_ip": "18.196.102.107",
            "root_block_device": [
              {
                "delete_on_termination": true,
                "encrypted": false,
                "iops": 100,
                "kms_key_id": "",
                "volume_id": "vol-0189bf60916df93cd",
                "volume_size": 8,
                "volume_type": "gp2"
              }
            ],
            "security_groups": [
              "WebServer Security Group"
            ],
            "source_dest_check": true,
            "subnet_id": "subnet-c1adbcbc",
            "tags": {
              "Name": "WebServer Build by Terraform",
              "Owner": "Dmytro Rudenko"
            },
            "tenancy": "default",
            "timeouts": null,
            "user_data": "69f60c2e01727a9199b7694f338300bb18c35497",
            "user_data_base64": null,
            "volume_tags": {},
            "vpc_security_group_ids": [
              "sg-0c648f63e375ba3f0"
            ]
          },
          "private": "eyJlMmJmYjczMC1lY2FhLTExZTYtOGY4OC0zNDM2M2JjN2M0YzAiOnsiY3JlYXRlIjo2MDAwMDAwMDAwMDAsImRlbGV0ZSI6MTIwMDAwMDAwMDAwMCwidXBkYXRlIjo2MDAwMDAwMDAwMDB9LCJzY2hlbWFfdmVyc2lvbiI6IjEifQ==",
          "dependencies": [
            "aws_key_pair.webserver_key",
            "aws_security_group.my_webserver"
          ]
        }
      ]
    },
    {
      "mode": "managed",
      "type": "aws_key_pair",
      "name": "webserver_key",
      "provider": "provider.aws",
      "instances": [
        {
          "schema_version": 1,
          "attributes": {
            "fingerprint": "17:2e:5e:75:43:89:c1:fd:1d:73:87:d3:8d:ab:41:b0",
            "id": "id_rsa_pub",
            "key_name": "id_rsa_pub",
            "key_name_prefix": null,
            "public_key": "ssh-rsa AAAAB3NzaC1yc2EAAAADAQABAAABAQDQvBxjSIxYxECFrdQ8GZR8Ki8cZGa/TX7Dz9RnNVEEVnzfAy19qAiG1bBB28aeXhv2lt9FxlZ1cJpOsqqBlH9Me3V6lx8IYS/hmtWYS4YlcGMN5ZVmsFfZ7+ZZhFN1FXWTFL6dv6SGUZwurUup8w+9C2ooQ6ic5xrenciyE6OGhOq6x6gn0JSY0xYFry49ZrQLcMMNBPaJqpkQ1N4tixvOK/oNLSTOC3B6BkYqbqeVpTMniMpwh51ESBIrb7Ei5v8NLEE4aQ/SX/GAsD52eExRN/6fjCNYigIu0o3/IpPLNAtm2YKPbvk35QkMNdSnWUtN1AeBGWtqtx9btPwJJvz9 awserv@imit"
          },
          "private": "eyJzY2hlbWFfdmVyc2lvbiI6IjEifQ=="
        }
      ]
    },
    {
      "mode": "managed",
      "type": "aws_key_pair",
      "name": "webserver_key2",
      "provider": "provider.aws",
      "instances": [
        {
          "schema_version": 1,
          "attributes": {
            "fingerprint": "3b:8f:4c:5c:e3:f5:aa:85:bc:84:a2:a1:1e:86:74:d0",
            "id": "id_rsa2_pub",
            "key_name": "id_rsa2_pub",
            "key_name_prefix": null,
            "public_key": "ssh-rsa AAAAB3NzaC1yc2EAAAADAQABAAABAQDf6BqRBce3Hypd/RD7XaYBW1/g4dpnGxo4C3n0DhQ3SHJTRuvkl5BtfNVu6jZnIE0RcSVGoO1SYzleGtwdFro2A/TSyr/b4KvtJIwFk2otHwBycPXrMNRi6kPDHPOAGpiNuASchzGDOAEF8d3SlROk8VgsPdhDj3+oLOJgWjtOjz5Mq0Hw3bja7OuB91DM9L2qzdi/0T0o4+BgGE1jDwmIF7hQrPr2SF8VaPoZVjwiGtPhuW973Ach4gJE7dX/dduQ/hkH1L8IWKWAnScHctSWPZml+CsRq5cWIVS8QrA/yN7weHCjCPRRECGK484C/nEvw7duqcs1OWNbQy8lWB+t awserv@imit"
          },
          "private": "eyJzY2hlbWFfdmVyc2lvbiI6IjEifQ=="
        }
      ]
    },
    {
      "mode": "managed",
      "type": "aws_security_group",
      "name": "my_webserver",
      "provider": "provider.aws",
      "instances": [
        {
          "schema_version": 1,
          "attributes": {
            "arn": "arn:aws:ec2:eu-central-1:198046353209:security-group/sg-0c648f63e375ba3f0",
            "description": "My First SecurityGroup",
            "egress": [
              {
                "cidr_blocks": [
                  "0.0.0.0/0"
                ],
                "description": "",
                "from_port": 0,
                "ipv6_cidr_blocks": [],
                "prefix_list_ids": [],
                "protocol": "-1",
                "security_groups": [],
                "self": false,
                "to_port": 0
              }
            ],
            "id": "sg-0c648f63e375ba3f0",
            "ingress": [
              {
                "cidr_blocks": [
                  "0.0.0.0/0"
                ],
                "description": "",
                "from_port": 22,
                "ipv6_cidr_blocks": [],
                "prefix_list_ids": [],
                "protocol": "tcp",
                "security_groups": [],
                "self": false,
                "to_port": 22
              },
              {
                "cidr_blocks": [
                  "0.0.0.0/0"
                ],
                "description": "",
                "from_port": 443,
                "ipv6_cidr_blocks": [],
                "prefix_list_ids": [],
                "protocol": "tcp",
                "security_groups": [],
                "self": false,
                "to_port": 443
              },
              {
                "cidr_blocks": [
                  "0.0.0.0/0"
                ],
                "description": "",
                "from_port": 80,
                "ipv6_cidr_blocks": [],
                "prefix_list_ids": [],
                "protocol": "tcp",
                "security_groups": [],
                "self": false,
                "to_port": 80
              }
            ],
            "name": "WebServer Security Group",
            "name_prefix": null,
            "owner_id": "198046353209",
            "revoke_rules_on_delete": false,
            "tags": {
              "Name": "WebServer Security Group",
              "Owner": "Dmytro Rudenko"
            },
            "timeouts": null,
            "vpc_id": "vpc-1bfa0871"
          },
          "private": "eyJlMmJmYjczMC1lY2FhLTExZTYtOGY4OC0zNDM2M2JjN2M0YzAiOnsiY3JlYXRlIjo2MDAwMDAwMDAwMDAsImRlbGV0ZSI6NjAwMDAwMDAwMDAwfSwic2NoZW1hX3ZlcnNpb24iOiIxIn0="
        }
      ]
    }
  ]
}
